// !$*UTF8*$!
{
	archiveVersion = 1;
	classes = {
	};
	objectVersion = 51;
	objects = {

/* Begin PBXBuildFile section */
		297C877BEFB65C749E559C3F /* Pods_unmatch.framework in Frameworks */ = {isa = PBXBuildFile; fileRef = 1798638B4228E00D243DE764 /* Pods_unmatch.framework */; };
		A6ADB281271A316C00E0B8FD /* MessagesVC.swift in Sources */ = {isa = PBXBuildFile; fileRef = A6ADB27F271A316C00E0B8FD /* MessagesVC.swift */; };
		A6ADB282271A316C00E0B8FD /* SettingsVC.swift in Sources */ = {isa = PBXBuildFile; fileRef = A6ADB280271A316C00E0B8FD /* SettingsVC.swift */; };
		A6B73A4626BA014F0061BF2D /* APICall.swift in Sources */ = {isa = PBXBuildFile; fileRef = A6B73A4426BA014F0061BF2D /* APICall.swift */; };
		A6B73A4726BA014F0061BF2D /* Utils.swift in Sources */ = {isa = PBXBuildFile; fileRef = A6B73A4526BA014F0061BF2D /* Utils.swift */; };
		A6BC9AD626AFB818007336F6 /* Assets.xcassets in Resources */ = {isa = PBXBuildFile; fileRef = CE3DEEE2268D5D2C00F1767E /* Assets.xcassets */; };
		CE3DEEDA268D5D2900F1767E /* AppDelegate.swift in Sources */ = {isa = PBXBuildFile; fileRef = CE3DEED9268D5D2900F1767E /* AppDelegate.swift */; };
		CE3DEEDE268D5D2900F1767E /* IntroViewController.swift in Sources */ = {isa = PBXBuildFile; fileRef = CE3DEEDD268D5D2900F1767E /* IntroViewController.swift */; };
		CE3DEEE1268D5D2900F1767E /* Main.storyboard in Resources */ = {isa = PBXBuildFile; fileRef = CE3DEEDF268D5D2900F1767E /* Main.storyboard */; };
		CE3DEEE3268D5D2C00F1767E /* Assets.xcassets in Resources */ = {isa = PBXBuildFile; fileRef = CE3DEEE2268D5D2C00F1767E /* Assets.xcassets */; };
		CE3DEEE6268D5D2C00F1767E /* LaunchScreen.storyboard in Resources */ = {isa = PBXBuildFile; fileRef = CE3DEEE4268D5D2C00F1767E /* LaunchScreen.storyboard */; };
		CE3DEF10268D644700F1767E /* LandingVC.swift in Sources */ = {isa = PBXBuildFile; fileRef = CE3DEF0F268D644700F1767E /* LandingVC.swift */; };
		CE3DEF16268D687900F1767E /* SignInVC.swift in Sources */ = {isa = PBXBuildFile; fileRef = CE3DEF15268D687900F1767E /* SignInVC.swift */; };
		CE3DEF1E268D688A00F1767E /* SignUpVC.swift in Sources */ = {isa = PBXBuildFile; fileRef = CE3DEF1D268D688A00F1767E /* SignUpVC.swift */; };
		CE49A310269D372100CCAEC2 /* DetailVC.swift in Sources */ = {isa = PBXBuildFile; fileRef = CE49A30F269D372100CCAEC2 /* DetailVC.swift */; };
		CE49A317269D392F00CCAEC2 /* MessageTVCell.swift in Sources */ = {isa = PBXBuildFile; fileRef = CE49A315269D392F00CCAEC2 /* MessageTVCell.swift */; };
		CE49A318269D392F00CCAEC2 /* MessageTVCell.xib in Resources */ = {isa = PBXBuildFile; fileRef = CE49A316269D392F00CCAEC2 /* MessageTVCell.xib */; };
		CE49A31E269D8AB900CCAEC2 /* SuccessVC.swift in Sources */ = {isa = PBXBuildFile; fileRef = CE49A31D269D8AB900CCAEC2 /* SuccessVC.swift */; };
		CE565976269A76EA00BFFCA4 /* Unmatch+Extension.swift in Sources */ = {isa = PBXBuildFile; fileRef = CE565975269A76EA00BFFCA4 /* Unmatch+Extension.swift */; };
		CE56597E269A783D00BFFCA4 /* StartedVC.swift in Sources */ = {isa = PBXBuildFile; fileRef = CE56597D269A783D00BFFCA4 /* StartedVC.swift */; };
		CE5659EC269B541300BFFCA4 /* AuthData.xcdatamodeld in Sources */ = {isa = PBXBuildFile; fileRef = CE5659EA269B541300BFFCA4 /* AuthData.xcdatamodeld */; };
		CE67C6BB269C3A4B002CC23E /* ContactModel.swift in Sources */ = {isa = PBXBuildFile; fileRef = CE67C6BA269C3A4B002CC23E /* ContactModel.swift */; };
		CE877060269B62FA00AD37FB /* ExTVCell.swift in Sources */ = {isa = PBXBuildFile; fileRef = CE87705E269B62FA00AD37FB /* ExTVCell.swift */; };
		CE877061269B62FA00AD37FB /* ExTVCell.xib in Resources */ = {isa = PBXBuildFile; fileRef = CE87705F269B62FA00AD37FB /* ExTVCell.xib */; };
		CE87706A269B643B00AD37FB /* ExListVC.swift in Sources */ = {isa = PBXBuildFile; fileRef = CE877069269B643B00AD37FB /* ExListVC.swift */; };
		CE87706F269B789500AD37FB /* SelectCateogryVC.swift in Sources */ = {isa = PBXBuildFile; fileRef = CE87706E269B789500AD37FB /* SelectCateogryVC.swift */; };
		CE877074269B78A700AD37FB /* SelectContactVC.swift in Sources */ = {isa = PBXBuildFile; fileRef = CE877073269B78A700AD37FB /* SelectContactVC.swift */; };
		CE87707A269B7C1A00AD37FB /* CategoryTVCell.swift in Sources */ = {isa = PBXBuildFile; fileRef = CE877078269B7C1A00AD37FB /* CategoryTVCell.swift */; };
		CE87707B269B7C1A00AD37FB /* CategoryTVCell.xib in Resources */ = {isa = PBXBuildFile; fileRef = CE877079269B7C1A00AD37FB /* CategoryTVCell.xib */; };
		CE87708B269BC51000AD37FB /* CallDirectoryHandler.swift in Sources */ = {isa = PBXBuildFile; fileRef = CE87708A269BC51000AD37FB /* CallDirectoryHandler.swift */; };
		CE87708F269BC51000AD37FB /* CallBlocker.appex in Embed App Extensions */ = {isa = PBXBuildFile; fileRef = CE877088269BC51000AD37FB /* CallBlocker.appex */; settings = {ATTRIBUTES = (RemoveHeadersOnCopy, ); }; };
/* End PBXBuildFile section */

/* Begin PBXContainerItemProxy section */
		CE87708D269BC51000AD37FB /* PBXContainerItemProxy */ = {
			isa = PBXContainerItemProxy;
			containerPortal = CE3DEECE268D5D2900F1767E /* Project object */;
			proxyType = 1;
			remoteGlobalIDString = CE877087269BC51000AD37FB;
			remoteInfo = CallBlocker;
		};
/* End PBXContainerItemProxy section */

/* Begin PBXCopyFilesBuildPhase section */
		CE877093269BC51000AD37FB /* Embed App Extensions */ = {
			isa = PBXCopyFilesBuildPhase;
			buildActionMask = 2147483647;
			dstPath = "";
			dstSubfolderSpec = 13;
			files = (
				CE87708F269BC51000AD37FB /* CallBlocker.appex in Embed App Extensions */,
			);
			name = "Embed App Extensions";
			runOnlyForDeploymentPostprocessing = 0;
		};
/* End PBXCopyFilesBuildPhase section */

/* Begin PBXFileReference section */
		1798638B4228E00D243DE764 /* Pods_unmatch.framework */ = {isa = PBXFileReference; explicitFileType = wrapper.framework; includeInIndex = 0; path = Pods_unmatch.framework; sourceTree = BUILT_PRODUCTS_DIR; };
		24F8FD5F8AF67DDA477D43DB /* Pods-unmatch.release.xcconfig */ = {isa = PBXFileReference; includeInIndex = 1; lastKnownFileType = text.xcconfig; name = "Pods-unmatch.release.xcconfig"; path = "Target Support Files/Pods-unmatch/Pods-unmatch.release.xcconfig"; sourceTree = "<group>"; };
		6E26A317DB3436DE50A757AC /* Pods-unmatch.debug.xcconfig */ = {isa = PBXFileReference; includeInIndex = 1; lastKnownFileType = text.xcconfig; name = "Pods-unmatch.debug.xcconfig"; path = "Target Support Files/Pods-unmatch/Pods-unmatch.debug.xcconfig"; sourceTree = "<group>"; };
		710D6D27438A503B213D4B43 /* Pods_unmatchTests.framework */ = {isa = PBXFileReference; explicitFileType = wrapper.framework; includeInIndex = 0; path = Pods_unmatchTests.framework; sourceTree = BUILT_PRODUCTS_DIR; };
		A6ADB27F271A316C00E0B8FD /* MessagesVC.swift */ = {isa = PBXFileReference; fileEncoding = 4; lastKnownFileType = sourcecode.swift; path = MessagesVC.swift; sourceTree = "<group>"; };
		A6ADB280271A316C00E0B8FD /* SettingsVC.swift */ = {isa = PBXFileReference; fileEncoding = 4; lastKnownFileType = sourcecode.swift; path = SettingsVC.swift; sourceTree = "<group>"; };
		A6B73A4426BA014F0061BF2D /* APICall.swift */ = {isa = PBXFileReference; fileEncoding = 4; lastKnownFileType = sourcecode.swift; path = APICall.swift; sourceTree = "<group>"; };
		A6B73A4526BA014F0061BF2D /* Utils.swift */ = {isa = PBXFileReference; fileEncoding = 4; lastKnownFileType = sourcecode.swift; path = Utils.swift; sourceTree = "<group>"; };
		B6EECEAD16F0029C75CEB49E /* Pods_unmatch_unmatchUITests.framework */ = {isa = PBXFileReference; explicitFileType = wrapper.framework; includeInIndex = 0; path = Pods_unmatch_unmatchUITests.framework; sourceTree = BUILT_PRODUCTS_DIR; };
		CE3DEED6268D5D2900F1767E /* unmatch.app */ = {isa = PBXFileReference; explicitFileType = wrapper.application; includeInIndex = 0; path = unmatch.app; sourceTree = BUILT_PRODUCTS_DIR; };
		CE3DEED9268D5D2900F1767E /* AppDelegate.swift */ = {isa = PBXFileReference; lastKnownFileType = sourcecode.swift; path = AppDelegate.swift; sourceTree = "<group>"; };
		CE3DEEDD268D5D2900F1767E /* IntroViewController.swift */ = {isa = PBXFileReference; lastKnownFileType = sourcecode.swift; path = IntroViewController.swift; sourceTree = "<group>"; };
		CE3DEEE0268D5D2900F1767E /* Base */ = {isa = PBXFileReference; lastKnownFileType = file.storyboard; name = Base; path = Base.lproj/Main.storyboard; sourceTree = "<group>"; };
		CE3DEEE2268D5D2C00F1767E /* Assets.xcassets */ = {isa = PBXFileReference; lastKnownFileType = folder.assetcatalog; path = Assets.xcassets; sourceTree = "<group>"; };
		CE3DEEE5268D5D2C00F1767E /* Base */ = {isa = PBXFileReference; lastKnownFileType = file.storyboard; name = Base; path = Base.lproj/LaunchScreen.storyboard; sourceTree = "<group>"; };
		CE3DEEE7268D5D2C00F1767E /* Info.plist */ = {isa = PBXFileReference; lastKnownFileType = text.plist.xml; path = Info.plist; sourceTree = "<group>"; };
		CE3DEF0F268D644700F1767E /* LandingVC.swift */ = {isa = PBXFileReference; lastKnownFileType = sourcecode.swift; path = LandingVC.swift; sourceTree = "<group>"; };
		CE3DEF15268D687900F1767E /* SignInVC.swift */ = {isa = PBXFileReference; lastKnownFileType = sourcecode.swift; path = SignInVC.swift; sourceTree = "<group>"; };
		CE3DEF1D268D688A00F1767E /* SignUpVC.swift */ = {isa = PBXFileReference; lastKnownFileType = sourcecode.swift; path = SignUpVC.swift; sourceTree = "<group>"; };
		CE49A30F269D372100CCAEC2 /* DetailVC.swift */ = {isa = PBXFileReference; lastKnownFileType = sourcecode.swift; path = DetailVC.swift; sourceTree = "<group>"; };
		CE49A315269D392F00CCAEC2 /* MessageTVCell.swift */ = {isa = PBXFileReference; lastKnownFileType = sourcecode.swift; path = MessageTVCell.swift; sourceTree = "<group>"; };
		CE49A316269D392F00CCAEC2 /* MessageTVCell.xib */ = {isa = PBXFileReference; lastKnownFileType = file.xib; path = MessageTVCell.xib; sourceTree = "<group>"; };
		CE49A31D269D8AB900CCAEC2 /* SuccessVC.swift */ = {isa = PBXFileReference; lastKnownFileType = sourcecode.swift; path = SuccessVC.swift; sourceTree = "<group>"; };
		CE565975269A76EA00BFFCA4 /* Unmatch+Extension.swift */ = {isa = PBXFileReference; lastKnownFileType = sourcecode.swift; path = "Unmatch+Extension.swift"; sourceTree = "<group>"; };
		CE56597D269A783D00BFFCA4 /* StartedVC.swift */ = {isa = PBXFileReference; lastKnownFileType = sourcecode.swift; path = StartedVC.swift; sourceTree = "<group>"; };
		CE5659EB269B541300BFFCA4 /* AuthData.xcdatamodel */ = {isa = PBXFileReference; lastKnownFileType = wrapper.xcdatamodel; path = AuthData.xcdatamodel; sourceTree = "<group>"; };
		CE67C6BA269C3A4B002CC23E /* ContactModel.swift */ = {isa = PBXFileReference; lastKnownFileType = sourcecode.swift; path = ContactModel.swift; sourceTree = "<group>"; };
		CE87705E269B62FA00AD37FB /* ExTVCell.swift */ = {isa = PBXFileReference; lastKnownFileType = sourcecode.swift; path = ExTVCell.swift; sourceTree = "<group>"; };
		CE87705F269B62FA00AD37FB /* ExTVCell.xib */ = {isa = PBXFileReference; lastKnownFileType = file.xib; path = ExTVCell.xib; sourceTree = "<group>"; };
		CE877069269B643B00AD37FB /* ExListVC.swift */ = {isa = PBXFileReference; lastKnownFileType = sourcecode.swift; path = ExListVC.swift; sourceTree = "<group>"; };
		CE87706E269B789500AD37FB /* SelectCateogryVC.swift */ = {isa = PBXFileReference; lastKnownFileType = sourcecode.swift; path = SelectCateogryVC.swift; sourceTree = "<group>"; };
		CE877073269B78A700AD37FB /* SelectContactVC.swift */ = {isa = PBXFileReference; lastKnownFileType = sourcecode.swift; path = SelectContactVC.swift; sourceTree = "<group>"; };
		CE877078269B7C1A00AD37FB /* CategoryTVCell.swift */ = {isa = PBXFileReference; lastKnownFileType = sourcecode.swift; path = CategoryTVCell.swift; sourceTree = "<group>"; };
		CE877079269B7C1A00AD37FB /* CategoryTVCell.xib */ = {isa = PBXFileReference; lastKnownFileType = file.xib; path = CategoryTVCell.xib; sourceTree = "<group>"; };
		CE877088269BC51000AD37FB /* CallBlocker.appex */ = {isa = PBXFileReference; explicitFileType = "wrapper.app-extension"; includeInIndex = 0; path = CallBlocker.appex; sourceTree = BUILT_PRODUCTS_DIR; };
		CE87708A269BC51000AD37FB /* CallDirectoryHandler.swift */ = {isa = PBXFileReference; lastKnownFileType = sourcecode.swift; path = CallDirectoryHandler.swift; sourceTree = "<group>"; };
		CE87708C269BC51000AD37FB /* Info.plist */ = {isa = PBXFileReference; lastKnownFileType = text.plist.xml; path = Info.plist; sourceTree = "<group>"; };
		CEEA06E626A109B1001F67B8 /* unmatch.entitlements */ = {isa = PBXFileReference; lastKnownFileType = text.plist.entitlements; path = unmatch.entitlements; sourceTree = "<group>"; };
		CEEA06EB26A109C2001F67B8 /* CallBlocker.entitlements */ = {isa = PBXFileReference; lastKnownFileType = text.plist.entitlements; path = CallBlocker.entitlements; sourceTree = "<group>"; };
/* End PBXFileReference section */

/* Begin PBXFrameworksBuildPhase section */
		CE3DEED3268D5D2900F1767E /* Frameworks */ = {
			isa = PBXFrameworksBuildPhase;
			buildActionMask = 2147483647;
			files = (
				297C877BEFB65C749E559C3F /* Pods_unmatch.framework in Frameworks */,
			);
			runOnlyForDeploymentPostprocessing = 0;
		};
		CE877085269BC51000AD37FB /* Frameworks */ = {
			isa = PBXFrameworksBuildPhase;
			buildActionMask = 2147483647;
			files = (
			);
			runOnlyForDeploymentPostprocessing = 0;
		};
/* End PBXFrameworksBuildPhase section */

/* Begin PBXGroup section */
		A5684362786905C232041CFD /* Pods */ = {
			isa = PBXGroup;
			children = (
				6E26A317DB3436DE50A757AC /* Pods-unmatch.debug.xcconfig */,
				24F8FD5F8AF67DDA477D43DB /* Pods-unmatch.release.xcconfig */,
			);
			path = Pods;
			sourceTree = "<group>";
		};
		A6B73A4326BA014F0061BF2D /* Utils */ = {
			isa = PBXGroup;
			children = (
				A6B73A4426BA014F0061BF2D /* APICall.swift */,
				A6B73A4526BA014F0061BF2D /* Utils.swift */,
			);
			path = Utils;
			sourceTree = "<group>";
		};
		AA913963827AAFE31BC2EA14 /* Frameworks */ = {
			isa = PBXGroup;
			children = (
				1798638B4228E00D243DE764 /* Pods_unmatch.framework */,
				B6EECEAD16F0029C75CEB49E /* Pods_unmatch_unmatchUITests.framework */,
				710D6D27438A503B213D4B43 /* Pods_unmatchTests.framework */,
			);
			name = Frameworks;
			sourceTree = "<group>";
		};
		CE3DEECD268D5D2900F1767E = {
			isa = PBXGroup;
			children = (
				CE3DEED8268D5D2900F1767E /* unmatch */,
				CE877089269BC51000AD37FB /* CallBlocker */,
				CE3DEED7268D5D2900F1767E /* Products */,
				A5684362786905C232041CFD /* Pods */,
				AA913963827AAFE31BC2EA14 /* Frameworks */,
			);
			sourceTree = "<group>";
		};
		CE3DEED7268D5D2900F1767E /* Products */ = {
			isa = PBXGroup;
			children = (
				CE3DEED6268D5D2900F1767E /* unmatch.app */,
				CE877088269BC51000AD37FB /* CallBlocker.appex */,
			);
			name = Products;
			sourceTree = "<group>";
		};
		CE3DEED8268D5D2900F1767E /* unmatch */ = {
			isa = PBXGroup;
			children = (
				CEEA06E626A109B1001F67B8 /* unmatch.entitlements */,
				CE5659EA269B541300BFFCA4 /* AuthData.xcdatamodeld */,
				A6B73A4326BA014F0061BF2D /* Utils */,
				CE877065269B63E000AD37FB /* Models */,
				CE565A73269B60E800BFFCA4 /* CustomCells */,
				CE565974269A76D400BFFCA4 /* Extension */,
				CE3DEF14268D685500F1767E /* Controllers */,
				CE3DEED9268D5D2900F1767E /* AppDelegate.swift */,
				CE3DEEDD268D5D2900F1767E /* IntroViewController.swift */,
				CE3DEEE2268D5D2C00F1767E /* Assets.xcassets */,
				CE3DEEDF268D5D2900F1767E /* Main.storyboard */,
				CE3DEEE4268D5D2C00F1767E /* LaunchScreen.storyboard */,
				CE3DEEE7268D5D2C00F1767E /* Info.plist */,
			);
			path = unmatch;
			sourceTree = "<group>";
		};
		CE3DEF14268D685500F1767E /* Controllers */ = {
			isa = PBXGroup;
			children = (
				CE3DEF0F268D644700F1767E /* LandingVC.swift */,
				CE3DEF15268D687900F1767E /* SignInVC.swift */,
				CE3DEF1D268D688A00F1767E /* SignUpVC.swift */,
				CE56597D269A783D00BFFCA4 /* StartedVC.swift */,
				CE877069269B643B00AD37FB /* ExListVC.swift */,
				CE87706E269B789500AD37FB /* SelectCateogryVC.swift */,
				CE877073269B78A700AD37FB /* SelectContactVC.swift */,
				CE49A30F269D372100CCAEC2 /* DetailVC.swift */,
				CE49A31D269D8AB900CCAEC2 /* SuccessVC.swift */,
				A6ADB27F271A316C00E0B8FD /* MessagesVC.swift */,
				A6ADB280271A316C00E0B8FD /* SettingsVC.swift */,
			);
			path = Controllers;
			sourceTree = "<group>";
		};
		CE565974269A76D400BFFCA4 /* Extension */ = {
			isa = PBXGroup;
			children = (
				CE565975269A76EA00BFFCA4 /* Unmatch+Extension.swift */,
			);
			path = Extension;
			sourceTree = "<group>";
		};
		CE565A73269B60E800BFFCA4 /* CustomCells */ = {
			isa = PBXGroup;
			children = (
				CE87705E269B62FA00AD37FB /* ExTVCell.swift */,
				CE87705F269B62FA00AD37FB /* ExTVCell.xib */,
				CE877078269B7C1A00AD37FB /* CategoryTVCell.swift */,
				CE877079269B7C1A00AD37FB /* CategoryTVCell.xib */,
				CE49A315269D392F00CCAEC2 /* MessageTVCell.swift */,
				CE49A316269D392F00CCAEC2 /* MessageTVCell.xib */,
			);
			path = CustomCells;
			sourceTree = "<group>";
		};
		CE877065269B63E000AD37FB /* Models */ = {
			isa = PBXGroup;
			children = (
				CE67C6BA269C3A4B002CC23E /* ContactModel.swift */,
			);
			path = Models;
			sourceTree = "<group>";
		};
		CE877089269BC51000AD37FB /* CallBlocker */ = {
			isa = PBXGroup;
			children = (
				CEEA06EB26A109C2001F67B8 /* CallBlocker.entitlements */,
				CE87708A269BC51000AD37FB /* CallDirectoryHandler.swift */,
				CE87708C269BC51000AD37FB /* Info.plist */,
			);
			path = CallBlocker;
			sourceTree = "<group>";
		};
/* End PBXGroup section */

/* Begin PBXNativeTarget section */
		CE3DEED5268D5D2900F1767E /* unmatch */ = {
			isa = PBXNativeTarget;
			buildConfigurationList = CE3DEF00268D5D2D00F1767E /* Build configuration list for PBXNativeTarget "unmatch" */;
			buildPhases = (
				82662F5BF6513174C020FE66 /* [CP] Check Pods Manifest.lock */,
				CE3DEED2268D5D2900F1767E /* Sources */,
				CE3DEED3268D5D2900F1767E /* Frameworks */,
				CE3DEED4268D5D2900F1767E /* Resources */,
				EAED2FE5B36DF7AA98FD49B8 /* [CP] Embed Pods Frameworks */,
				CE877093269BC51000AD37FB /* Embed App Extensions */,
			);
			buildRules = (
			);
			dependencies = (
				CE87708E269BC51000AD37FB /* PBXTargetDependency */,
			);
			name = unmatch;
			productName = unmatch;
			productReference = CE3DEED6268D5D2900F1767E /* unmatch.app */;
			productType = "com.apple.product-type.application";
		};
		CE877087269BC51000AD37FB /* CallBlocker */ = {
			isa = PBXNativeTarget;
			buildConfigurationList = CE877090269BC51000AD37FB /* Build configuration list for PBXNativeTarget "CallBlocker" */;
			buildPhases = (
				CE877084269BC51000AD37FB /* Sources */,
				CE877085269BC51000AD37FB /* Frameworks */,
				CE877086269BC51000AD37FB /* Resources */,
			);
			buildRules = (
			);
			dependencies = (
			);
			name = CallBlocker;
			productName = CallBlocker;
			productReference = CE877088269BC51000AD37FB /* CallBlocker.appex */;
			productType = "com.apple.product-type.app-extension";
		};
/* End PBXNativeTarget section */

/* Begin PBXProject section */
		CE3DEECE268D5D2900F1767E /* Project object */ = {
			isa = PBXProject;
			attributes = {
				LastSwiftUpdateCheck = 1240;
				LastUpgradeCheck = 1250;
				TargetAttributes = {
					CE3DEED5268D5D2900F1767E = {
						CreatedOnToolsVersion = 12.4;
					};
					CE877087269BC51000AD37FB = {
						CreatedOnToolsVersion = 12.4;
					};
				};
			};
			buildConfigurationList = CE3DEED1268D5D2900F1767E /* Build configuration list for PBXProject "unmatch" */;
			compatibilityVersion = "Xcode 9.3";
			developmentRegion = en;
			hasScannedForEncodings = 0;
			knownRegions = (
				en,
				Base,
			);
			mainGroup = CE3DEECD268D5D2900F1767E;
			productRefGroup = CE3DEED7268D5D2900F1767E /* Products */;
			projectDirPath = "";
			projectRoot = "";
			targets = (
				CE3DEED5268D5D2900F1767E /* unmatch */,
				CE877087269BC51000AD37FB /* CallBlocker */,
			);
		};
/* End PBXProject section */

/* Begin PBXResourcesBuildPhase section */
		CE3DEED4268D5D2900F1767E /* Resources */ = {
			isa = PBXResourcesBuildPhase;
			buildActionMask = 2147483647;
			files = (
				CE877061269B62FA00AD37FB /* ExTVCell.xib in Resources */,
				CE3DEEE6268D5D2C00F1767E /* LaunchScreen.storyboard in Resources */,
				CE3DEEE3268D5D2C00F1767E /* Assets.xcassets in Resources */,
				CE49A318269D392F00CCAEC2 /* MessageTVCell.xib in Resources */,
				CE3DEEE1268D5D2900F1767E /* Main.storyboard in Resources */,
				CE87707B269B7C1A00AD37FB /* CategoryTVCell.xib in Resources */,
			);
			runOnlyForDeploymentPostprocessing = 0;
		};
		CE877086269BC51000AD37FB /* Resources */ = {
			isa = PBXResourcesBuildPhase;
			buildActionMask = 2147483647;
			files = (
				A6BC9AD626AFB818007336F6 /* Assets.xcassets in Resources */,
			);
			runOnlyForDeploymentPostprocessing = 0;
		};
/* End PBXResourcesBuildPhase section */

/* Begin PBXShellScriptBuildPhase section */
		82662F5BF6513174C020FE66 /* [CP] Check Pods Manifest.lock */ = {
			isa = PBXShellScriptBuildPhase;
			buildActionMask = 2147483647;
			files = (
			);
			inputFileListPaths = (
			);
			inputPaths = (
				"${PODS_PODFILE_DIR_PATH}/Podfile.lock",
				"${PODS_ROOT}/Manifest.lock",
			);
			name = "[CP] Check Pods Manifest.lock";
			outputFileListPaths = (
			);
			outputPaths = (
				"$(DERIVED_FILE_DIR)/Pods-unmatch-checkManifestLockResult.txt",
			);
			runOnlyForDeploymentPostprocessing = 0;
			shellPath = /bin/sh;
			shellScript = "diff \"${PODS_PODFILE_DIR_PATH}/Podfile.lock\" \"${PODS_ROOT}/Manifest.lock\" > /dev/null\nif [ $? != 0 ] ; then\n    # print error to STDERR\n    echo \"error: The sandbox is not in sync with the Podfile.lock. Run 'pod install' or update your CocoaPods installation.\" >&2\n    exit 1\nfi\n# This output is used by Xcode 'outputs' to avoid re-running this script phase.\necho \"SUCCESS\" > \"${SCRIPT_OUTPUT_FILE_0}\"\n";
			showEnvVarsInLog = 0;
		};
		EAED2FE5B36DF7AA98FD49B8 /* [CP] Embed Pods Frameworks */ = {
			isa = PBXShellScriptBuildPhase;
			buildActionMask = 2147483647;
			files = (
			);
			inputFileListPaths = (
				"${PODS_ROOT}/Target Support Files/Pods-unmatch/Pods-unmatch-frameworks-${CONFIGURATION}-input-files.xcfilelist",
			);
			name = "[CP] Embed Pods Frameworks";
			outputFileListPaths = (
				"${PODS_ROOT}/Target Support Files/Pods-unmatch/Pods-unmatch-frameworks-${CONFIGURATION}-output-files.xcfilelist",
			);
			runOnlyForDeploymentPostprocessing = 0;
			shellPath = /bin/sh;
			shellScript = "\"${PODS_ROOT}/Target Support Files/Pods-unmatch/Pods-unmatch-frameworks.sh\"\n";
			showEnvVarsInLog = 0;
		};
/* End PBXShellScriptBuildPhase section */

/* Begin PBXSourcesBuildPhase section */
		CE3DEED2268D5D2900F1767E /* Sources */ = {
			isa = PBXSourcesBuildPhase;
			buildActionMask = 2147483647;
			files = (
				CE877060269B62FA00AD37FB /* ExTVCell.swift in Sources */,
				CE49A31E269D8AB900CCAEC2 /* SuccessVC.swift in Sources */,
				CE3DEF10268D644700F1767E /* LandingVC.swift in Sources */,
				CE3DEEDE268D5D2900F1767E /* IntroViewController.swift in Sources */,
				CE877074269B78A700AD37FB /* SelectContactVC.swift in Sources */,
				CE49A310269D372100CCAEC2 /* DetailVC.swift in Sources */,
				CE87707A269B7C1A00AD37FB /* CategoryTVCell.swift in Sources */,
				CE49A317269D392F00CCAEC2 /* MessageTVCell.swift in Sources */,
				A6ADB281271A316C00E0B8FD /* MessagesVC.swift in Sources */,
				CE56597E269A783D00BFFCA4 /* StartedVC.swift in Sources */,
				CE3DEEDA268D5D2900F1767E /* AppDelegate.swift in Sources */,
				CE87706F269B789500AD37FB /* SelectCateogryVC.swift in Sources */,
				CE67C6BB269C3A4B002CC23E /* ContactModel.swift in Sources */,
				A6B73A4626BA014F0061BF2D /* APICall.swift in Sources */,
				CE87706A269B643B00AD37FB /* ExListVC.swift in Sources */,
				A6B73A4726BA014F0061BF2D /* Utils.swift in Sources */,
				CE565976269A76EA00BFFCA4 /* Unmatch+Extension.swift in Sources */,
				CE5659EC269B541300BFFCA4 /* AuthData.xcdatamodeld in Sources */,
				CE3DEF1E268D688A00F1767E /* SignUpVC.swift in Sources */,
				CE3DEF16268D687900F1767E /* SignInVC.swift in Sources */,
				A6ADB282271A316C00E0B8FD /* SettingsVC.swift in Sources */,
			);
			runOnlyForDeploymentPostprocessing = 0;
		};
		CE877084269BC51000AD37FB /* Sources */ = {
			isa = PBXSourcesBuildPhase;
			buildActionMask = 2147483647;
			files = (
				CE87708B269BC51000AD37FB /* CallDirectoryHandler.swift in Sources */,
			);
			runOnlyForDeploymentPostprocessing = 0;
		};
/* End PBXSourcesBuildPhase section */

/* Begin PBXTargetDependency section */
		CE87708E269BC51000AD37FB /* PBXTargetDependency */ = {
			isa = PBXTargetDependency;
			target = CE877087269BC51000AD37FB /* CallBlocker */;
			targetProxy = CE87708D269BC51000AD37FB /* PBXContainerItemProxy */;
		};
/* End PBXTargetDependency section */

/* Begin PBXVariantGroup section */
		CE3DEEDF268D5D2900F1767E /* Main.storyboard */ = {
			isa = PBXVariantGroup;
			children = (
				CE3DEEE0268D5D2900F1767E /* Base */,
			);
			name = Main.storyboard;
			sourceTree = "<group>";
		};
		CE3DEEE4268D5D2C00F1767E /* LaunchScreen.storyboard */ = {
			isa = PBXVariantGroup;
			children = (
				CE3DEEE5268D5D2C00F1767E /* Base */,
			);
			name = LaunchScreen.storyboard;
			sourceTree = "<group>";
		};
/* End PBXVariantGroup section */

/* Begin XCBuildConfiguration section */
		CE3DEEFE268D5D2D00F1767E /* Debug */ = {
			isa = XCBuildConfiguration;
			buildSettings = {
				ALWAYS_SEARCH_USER_PATHS = NO;
				CLANG_ANALYZER_NONNULL = YES;
				CLANG_ANALYZER_NUMBER_OBJECT_CONVERSION = YES_AGGRESSIVE;
				CLANG_CXX_LANGUAGE_STANDARD = "gnu++14";
				CLANG_CXX_LIBRARY = "libc++";
				CLANG_ENABLE_MODULES = YES;
				CLANG_ENABLE_OBJC_ARC = YES;
				CLANG_ENABLE_OBJC_WEAK = YES;
				CLANG_WARN_BLOCK_CAPTURE_AUTORELEASING = YES;
				CLANG_WARN_BOOL_CONVERSION = YES;
				CLANG_WARN_COMMA = YES;
				CLANG_WARN_CONSTANT_CONVERSION = YES;
				CLANG_WARN_DEPRECATED_OBJC_IMPLEMENTATIONS = YES;
				CLANG_WARN_DIRECT_OBJC_ISA_USAGE = YES_ERROR;
				CLANG_WARN_DOCUMENTATION_COMMENTS = YES;
				CLANG_WARN_EMPTY_BODY = YES;
				CLANG_WARN_ENUM_CONVERSION = YES;
				CLANG_WARN_INFINITE_RECURSION = YES;
				CLANG_WARN_INT_CONVERSION = YES;
				CLANG_WARN_NON_LITERAL_NULL_CONVERSION = YES;
				CLANG_WARN_OBJC_IMPLICIT_RETAIN_SELF = YES;
				CLANG_WARN_OBJC_LITERAL_CONVERSION = YES;
				CLANG_WARN_OBJC_ROOT_CLASS = YES_ERROR;
				CLANG_WARN_QUOTED_INCLUDE_IN_FRAMEWORK_HEADER = YES;
				CLANG_WARN_RANGE_LOOP_ANALYSIS = YES;
				CLANG_WARN_STRICT_PROTOTYPES = YES;
				CLANG_WARN_SUSPICIOUS_MOVE = YES;
				CLANG_WARN_UNGUARDED_AVAILABILITY = YES_AGGRESSIVE;
				CLANG_WARN_UNREACHABLE_CODE = YES;
				CLANG_WARN__DUPLICATE_METHOD_MATCH = YES;
				COPY_PHASE_STRIP = NO;
				DEBUG_INFORMATION_FORMAT = dwarf;
				ENABLE_STRICT_OBJC_MSGSEND = YES;
				ENABLE_TESTABILITY = YES;
				GCC_C_LANGUAGE_STANDARD = gnu11;
				GCC_DYNAMIC_NO_PIC = NO;
				GCC_NO_COMMON_BLOCKS = YES;
				GCC_OPTIMIZATION_LEVEL = 0;
				GCC_PREPROCESSOR_DEFINITIONS = (
					"DEBUG=1",
					"$(inherited)",
				);
				GCC_WARN_64_TO_32_BIT_CONVERSION = YES;
				GCC_WARN_ABOUT_RETURN_TYPE = YES_ERROR;
				GCC_WARN_UNDECLARED_SELECTOR = YES;
				GCC_WARN_UNINITIALIZED_AUTOS = YES_AGGRESSIVE;
				GCC_WARN_UNUSED_FUNCTION = YES;
				GCC_WARN_UNUSED_VARIABLE = YES;
				IPHONEOS_DEPLOYMENT_TARGET = 14.4;
				MTL_ENABLE_DEBUG_INFO = INCLUDE_SOURCE;
				MTL_FAST_MATH = YES;
				ONLY_ACTIVE_ARCH = YES;
				SDKROOT = iphoneos;
				SWIFT_ACTIVE_COMPILATION_CONDITIONS = DEBUG;
				SWIFT_OPTIMIZATION_LEVEL = "-Onone";
			};
			name = Debug;
		};
		CE3DEEFF268D5D2D00F1767E /* Release */ = {
			isa = XCBuildConfiguration;
			buildSettings = {
				ALWAYS_SEARCH_USER_PATHS = NO;
				CLANG_ANALYZER_NONNULL = YES;
				CLANG_ANALYZER_NUMBER_OBJECT_CONVERSION = YES_AGGRESSIVE;
				CLANG_CXX_LANGUAGE_STANDARD = "gnu++14";
				CLANG_CXX_LIBRARY = "libc++";
				CLANG_ENABLE_MODULES = YES;
				CLANG_ENABLE_OBJC_ARC = YES;
				CLANG_ENABLE_OBJC_WEAK = YES;
				CLANG_WARN_BLOCK_CAPTURE_AUTORELEASING = YES;
				CLANG_WARN_BOOL_CONVERSION = YES;
				CLANG_WARN_COMMA = YES;
				CLANG_WARN_CONSTANT_CONVERSION = YES;
				CLANG_WARN_DEPRECATED_OBJC_IMPLEMENTATIONS = YES;
				CLANG_WARN_DIRECT_OBJC_ISA_USAGE = YES_ERROR;
				CLANG_WARN_DOCUMENTATION_COMMENTS = YES;
				CLANG_WARN_EMPTY_BODY = YES;
				CLANG_WARN_ENUM_CONVERSION = YES;
				CLANG_WARN_INFINITE_RECURSION = YES;
				CLANG_WARN_INT_CONVERSION = YES;
				CLANG_WARN_NON_LITERAL_NULL_CONVERSION = YES;
				CLANG_WARN_OBJC_IMPLICIT_RETAIN_SELF = YES;
				CLANG_WARN_OBJC_LITERAL_CONVERSION = YES;
				CLANG_WARN_OBJC_ROOT_CLASS = YES_ERROR;
				CLANG_WARN_QUOTED_INCLUDE_IN_FRAMEWORK_HEADER = YES;
				CLANG_WARN_RANGE_LOOP_ANALYSIS = YES;
				CLANG_WARN_STRICT_PROTOTYPES = YES;
				CLANG_WARN_SUSPICIOUS_MOVE = YES;
				CLANG_WARN_UNGUARDED_AVAILABILITY = YES_AGGRESSIVE;
				CLANG_WARN_UNREACHABLE_CODE = YES;
				CLANG_WARN__DUPLICATE_METHOD_MATCH = YES;
				COPY_PHASE_STRIP = NO;
				DEBUG_INFORMATION_FORMAT = "dwarf-with-dsym";
				ENABLE_NS_ASSERTIONS = NO;
				ENABLE_STRICT_OBJC_MSGSEND = YES;
				GCC_C_LANGUAGE_STANDARD = gnu11;
				GCC_NO_COMMON_BLOCKS = YES;
				GCC_WARN_64_TO_32_BIT_CONVERSION = YES;
				GCC_WARN_ABOUT_RETURN_TYPE = YES_ERROR;
				GCC_WARN_UNDECLARED_SELECTOR = YES;
				GCC_WARN_UNINITIALIZED_AUTOS = YES_AGGRESSIVE;
				GCC_WARN_UNUSED_FUNCTION = YES;
				GCC_WARN_UNUSED_VARIABLE = YES;
				IPHONEOS_DEPLOYMENT_TARGET = 14.4;
				MTL_ENABLE_DEBUG_INFO = NO;
				MTL_FAST_MATH = YES;
				SDKROOT = iphoneos;
				SWIFT_COMPILATION_MODE = wholemodule;
				SWIFT_OPTIMIZATION_LEVEL = "-O";
				VALIDATE_PRODUCT = YES;
			};
			name = Release;
		};
		CE3DEF01268D5D2D00F1767E /* Debug */ = {
			isa = XCBuildConfiguration;
			baseConfigurationReference = 6E26A317DB3436DE50A757AC /* Pods-unmatch.debug.xcconfig */;
			buildSettings = {
				ASSETCATALOG_COMPILER_APPICON_NAME = AppIcon;
				ASSETCATALOG_COMPILER_GLOBAL_ACCENT_COLOR_NAME = AccentColor;
				CODE_SIGN_ENTITLEMENTS = unmatch/unmatch.entitlements;
				CODE_SIGN_STYLE = Automatic;
				CURRENT_PROJECT_VERSION = 4;
				DEVELOPMENT_TEAM = 45P95MCL26;
				INFOPLIST_FILE = unmatch/Info.plist;
				IPHONEOS_DEPLOYMENT_TARGET = 11.0;
				LD_RUNPATH_SEARCH_PATHS = (
					"$(inherited)",
					"@executable_path/Frameworks",
				);
				PRODUCT_BUNDLE_IDENTIFIER = com.mateo.unmatch;
				PRODUCT_NAME = "$(TARGET_NAME)";
				SWIFT_VERSION = 5.0;
				TARGETED_DEVICE_FAMILY = 1;
			};
			name = Debug;
		};
		CE3DEF02268D5D2D00F1767E /* Release */ = {
			isa = XCBuildConfiguration;
			baseConfigurationReference = 24F8FD5F8AF67DDA477D43DB /* Pods-unmatch.release.xcconfig */;
			buildSettings = {
				ASSETCATALOG_COMPILER_APPICON_NAME = AppIcon;
				ASSETCATALOG_COMPILER_GLOBAL_ACCENT_COLOR_NAME = AccentColor;
				CODE_SIGN_ENTITLEMENTS = unmatch/unmatch.entitlements;
				CODE_SIGN_STYLE = Automatic;
				CURRENT_PROJECT_VERSION = 4;
				DEVELOPMENT_TEAM = 45P95MCL26;
				INFOPLIST_FILE = unmatch/Info.plist;
				IPHONEOS_DEPLOYMENT_TARGET = 11.0;
				LD_RUNPATH_SEARCH_PATHS = (
					"$(inherited)",
					"@executable_path/Frameworks",
				);
				PRODUCT_BUNDLE_IDENTIFIER = com.mateo.unmatch;
				PRODUCT_NAME = "$(TARGET_NAME)";
				SWIFT_VERSION = 5.0;
				TARGETED_DEVICE_FAMILY = 1;
			};
			name = Release;
		};
		CE877091269BC51000AD37FB /* Debug */ = {
			isa = XCBuildConfiguration;
			buildSettings = {
				CODE_SIGN_ENTITLEMENTS = CallBlocker/CallBlocker.entitlements;
				CODE_SIGN_STYLE = Automatic;
				CURRENT_PROJECT_VERSION = 4;
				DEVELOPMENT_TEAM = 45P95MCL26;
				INFOPLIST_FILE = CallBlocker/Info.plist;
				IPHONEOS_DEPLOYMENT_TARGET = 11.0;
				LD_RUNPATH_SEARCH_PATHS = (
					"$(inherited)",
					"@executable_path/Frameworks",
					"@executable_path/../../Frameworks",
				);
				PRODUCT_BUNDLE_IDENTIFIER = com.mateo.unmatch.CallBlocker;
				PRODUCT_NAME = "$(TARGET_NAME)";
				SKIP_INSTALL = YES;
				SWIFT_VERSION = 5.0;
				TARGETED_DEVICE_FAMILY = 1;
			};
			name = Debug;
		};
		CE877092269BC51000AD37FB /* Release */ = {
			isa = XCBuildConfiguration;
			buildSettings = {
				CODE_SIGN_ENTITLEMENTS = CallBlocker/CallBlocker.entitlements;
				CODE_SIGN_STYLE = Automatic;
				CURRENT_PROJECT_VERSION = 4;
				DEVELOPMENT_TEAM = 45P95MCL26;
				INFOPLIST_FILE = CallBlocker/Info.plist;
				IPHONEOS_DEPLOYMENT_TARGET = 11.0;
				LD_RUNPATH_SEARCH_PATHS = (
					"$(inherited)",
					"@executable_path/Frameworks",
					"@executable_path/../../Frameworks",
				);
				PRODUCT_BUNDLE_IDENTIFIER = com.mateo.unmatch.CallBlocker;
				PRODUCT_NAME = "$(TARGET_NAME)";
				SKIP_INSTALL = YES;
				SWIFT_VERSION = 5.0;
				TARGETED_DEVICE_FAMILY = 1;
			};
			name = Release;
		};
/* End XCBuildConfiguration section */

/* Begin XCConfigurationList section */
		CE3DEED1268D5D2900F1767E /* Build configuration list for PBXProject "unmatch" */ = {
			isa = XCConfigurationList;
			buildConfigurations = (
				CE3DEEFE268D5D2D00F1767E /* Debug */,
				CE3DEEFF268D5D2D00F1767E /* Release */,
			);
			defaultConfigurationIsVisible = 0;
			defaultConfigurationName = Release;
		};
		CE3DEF00268D5D2D00F1767E /* Build configuration list for PBXNativeTarget "unmatch" */ = {
			isa = XCConfigurationList;
			buildConfigurations = (
				CE3DEF01268D5D2D00F1767E /* Debug */,
				CE3DEF02268D5D2D00F1767E /* Release */,
			);
			defaultConfigurationIsVisible = 0;
			defaultConfigurationName = Release;
		};
		CE877090269BC51000AD37FB /* Build configuration list for PBXNativeTarget "CallBlocker" */ = {
			isa = XCConfigurationList;
			buildConfigurations = (
				CE877091269BC51000AD37FB /* Debug */,
				CE877092269BC51000AD37FB /* Release */,
			);
			defaultConfigurationIsVisible = 0;
			defaultConfigurationName = Release;
		};
/* End XCConfigurationList section */

/* Begin XCVersionGroup section */
		CE5659EA269B541300BFFCA4 /* AuthData.xcdatamodeld */ = {
			isa = XCVersionGroup;
			children = (
				CE5659EB269B541300BFFCA4 /* AuthData.xcdatamodel */,
			);
			currentVersion = CE5659EB269B541300BFFCA4 /* AuthData.xcdatamodel */;
			path = AuthData.xcdatamodeld;
			sourceTree = "<group>";
			versionGroupType = wrapper.xcdatamodel;
		};
/* End XCVersionGroup section */
	};
	rootObject = CE3DEECE268D5D2900F1767E /* Project object */;
}
